{
  "nodes": {
    "eris": {
      "inputs": {
        "nixpkgs": "nixpkgs"
      },
      "locked": {
        "lastModified": 1638284009,
        "narHash": "sha256-RhX2L/pxt53cZGuLJs5H8xyzfrhfRnabwnVGD+ILIEg=",
        "ref": "trunk",
        "rev": "659edfcdb2dd200450e8dc7defe0a0167856533c",
        "revCount": 54,
        "type": "git",
        "url": "https://git.sr.ht/~ehmry/eris"
      },
      "original": {
        "ref": "trunk",
        "type": "git",
        "url": "https://git.sr.ht/~ehmry/eris"
      }
    },
    "nixpkgs": {
      "locked": {
        "lastModified": 1638280792,
        "narHash": "sha256-M+bdfPjwIfWZ7PcB0mzxXTVW5bFCtmBBDnbHr21x3Bc=",
        "owner": "NixOS",
        "repo": "nixpkgs",
        "rev": "7f8ebc6d42e0ed6a0c548fb7f88358270f7e46db",
        "type": "github"
      },
      "original": {
        "id": "nixpkgs",
        "type": "indirect"
      }
    },
    "nixpkgs_2": {
      "locked": {
        "lastModified": 1638280792,
        "narHash": "sha256-M+bdfPjwIfWZ7PcB0mzxXTVW5bFCtmBBDnbHr21x3Bc=",
        "owner": "NixOS",
        "repo": "nixpkgs",
        "rev": "7f8ebc6d42e0ed6a0c548fb7f88358270f7e46db",
        "type": "github"
      },
      "original": {
        "id": "nixpkgs",
        "type": "indirect"
      }
    },
    "root": {
      "inputs": {
        "eris": "eris",
        "nixpkgs": "nixpkgs_2"
      }
    }
  },
  "root": "root",
  "version": 7
}
